
Microsoft Visual Studio Solution File, Format Version 12.00
# Visual Studio Version 17
VisualStudioVersion = 17.14.36408.4 d17.14
MinimumVisualStudioVersion = 10.0.40219.1
Project("{FAE04EC0-301F-11D3-BF4B-00C04F79EFBC}") = "Practico5", "Practico5.csproj", "{EB2F3472-6149-420D-9B60-BEC8C288312E}"
EndProject
Global
	GlobalSection(SolutionConfigurationPlatforms) = preSolution
		Debug|Any CPU = Debug|Any CPU
		Release|Any CPU = Release|Any CPU
	EndGlobalSection
	GlobalSection(ProjectConfigurationPlatforms) = postSolution
		{EB2F3472-6149-420D-9B60-BEC8C288312E}.Debug|Any CPU.ActiveCfg = Debug|Any CPU
		{EB2F3472-6149-420D-9B60-BEC8C288312E}.Debug|Any CPU.Build.0 = Debug|Any CPU
		{EB2F3472-6149-420D-9B60-BEC8C288312E}.Release|Any CPU.ActiveCfg = Release|Any CPU
		{EB2F3472-6149-420D-9B60-BEC8C288312E}.Release|Any CPU.Build.0 = Release|Any CPU
	EndGlobalSection
	GlobalSection(SolutionProperties) = preSolution
		HideSolutionNode = FALSE
	EndGlobalSection
	GlobalSection(ExtensibilityGlobals) = postSolution
		SolutionGuid = {80D556D0-75BE-4A68-8936-A9195BCA40DF}
	EndGlobalSection
EndGlobal
